
Microsoft Visual Studio Solution File, Format Version 12.00
# Visual Studio Version 16
VisualStudioVersion = 16.0.31702.278
MinimumVisualStudioVersion = 10.0.40219.1
Project("{9A19103F-16F7-4668-BE54-9A1E7A4F7556}") = "DeckSorter", "DeckSorter\DeckSorter.csproj", "{DB45E42C-8746-48DD-AE40-0C95073D6F03}"
EndProject
Project("{FAE04EC0-301F-11D3-BF4B-00C04F79EFBC}") = "DeckSorterTests", "DeckSorterTests\DeckSorterTests.csproj", "{AC9E51ED-11AB-4E31-942C-B3A83B258E78}"
EndProject
Global
	GlobalSection(SolutionConfigurationPlatforms) = preSolution
		Debug|Any CPU = Debug|Any CPU
		Release|Any CPU = Release|Any CPU
	EndGlobalSection
	GlobalSection(ProjectConfigurationPlatforms) = postSolution
		{DB45E42C-8746-48DD-AE40-0C95073D6F03}.Debug|Any CPU.ActiveCfg = Debug|Any CPU
		{DB45E42C-8746-48DD-AE40-0C95073D6F03}.Debug|Any CPU.Build.0 = Debug|Any CPU
		{DB45E42C-8746-48DD-AE40-0C95073D6F03}.Release|Any CPU.ActiveCfg = Release|Any CPU
		{DB45E42C-8746-48DD-AE40-0C95073D6F03}.Release|Any CPU.Build.0 = Release|Any CPU
		{AC9E51ED-11AB-4E31-942C-B3A83B258E78}.Debug|Any CPU.ActiveCfg = Debug|Any CPU
		{AC9E51ED-11AB-4E31-942C-B3A83B258E78}.Debug|Any CPU.Build.0 = Debug|Any CPU
		{AC9E51ED-11AB-4E31-942C-B3A83B258E78}.Release|Any CPU.ActiveCfg = Release|Any CPU
		{AC9E51ED-11AB-4E31-942C-B3A83B258E78}.Release|Any CPU.Build.0 = Release|Any CPU
	EndGlobalSection
	GlobalSection(SolutionProperties) = preSolution
		HideSolutionNode = FALSE
	EndGlobalSection
	GlobalSection(ExtensibilityGlobals) = postSolution
		SolutionGuid = {F138C1F2-5FC7-486F-B9BF-33D0301D9E9E}
	EndGlobalSection
EndGlobal
